<?xml version="1.0" encoding="UTF-8" standalone="yes" ?>
<CodeBlocks_project_file>
	<FileVersion major="1" minor="6" />
	<Project>
		<Option title="RaylibPlatformerEngine" />
		<Option makefile_is_custom="1" />
		<Option pch_mode="2" />
		<Option compiler="gcc" />
		<Build>
			<Target title="Release">
				<Option output="bin/Release/RaylibPlatformerEngine" prefix_auto="1" extension_auto="1" />
				<Option object_output="obj/Release/" />
				<Option type="1" />
				<Option compiler="gcc" />
				<Compiler>
					<Add option="-O2" />
				</Compiler>
				<Linker>
					<Add option="-s" />
				</Linker>
			</Target>
			<Target title="Editor">
				<Option output="RaylibPlatformerEngine" prefix_auto="1" extension_auto="1" />
				<Option type="0" />
				<Option compiler="gcc" />
			</Target>
			<Target title="Tester">
				<Option output="RaylibPlatformerEngine" prefix_auto="1" extension_auto="1" />
				<Option type="0" />
				<Option compiler="gcc" />
			</Target>
			<Target title="All">
				<Option output="RaylibPlatformerEngine" prefix_auto="1" extension_auto="1" />
				<Option type="0" />
				<Option compiler="gcc" />
			</Target>
		</Build>
		<Compiler>
			<Add option="-Wall" />
		</Compiler>
		<Unit filename="HTTPRequest.hpp">
			<Option target="Release" />
		</Unit>
		<Unit filename="Makefile">
			<Option target="Release" />
		</Unit>
		<Unit filename="button.cpp">
			<Option target="Release" />
			<Option target="Editor" />
		</Unit>
		<Unit filename="button.h">
			<Option target="Release" />
			<Option target="Editor" />
		</Unit>
		<Unit filename="constants.h">
			<Option target="Release" />
		</Unit>
		<Unit filename="dool.cpp">
			<Option target="Release" />
		</Unit>
		<Unit filename="dool.h">
			<Option target="Release" />
		</Unit>
		<Unit filename="editor.cpp">
			<Option target="Release" />
			<Option target="Editor" />
		</Unit>
		<Unit filename="environment.cpp">
			<Option target="Release" />
		</Unit>
		<Unit filename="environment.h">
			<Option target="Release" />
		</Unit>
		<Unit filename="files.cpp">
			<Option target="Release" />
			<Option target="Editor" />
		</Unit>
		<Unit filename="files.h">
			<Option target="Release" />
			<Option target="Editor" />
		</Unit>
		<Unit filename="main.cpp">
			<Option target="Release" />
		</Unit>
		<Unit filename="network.cpp">
			<Option target="Release" />
		</Unit>
		<Unit filename="network.hpp">
			<Option target="Release" />
		</Unit>
		<Unit filename="operators.cpp">
			<Option target="Release" />
		</Unit>
		<Unit filename="operators.h">
			<Option target="Release" />
		</Unit>
		<Unit filename="player.cpp">
			<Option target="Release" />
		</Unit>
		<Unit filename="player.h">
			<Option target="Release" />
		</Unit>
		<Extensions>
			<DoxyBlocks>
				<comment_style block="0" line="0" />
				<doxyfile_project />
				<doxyfile_build />
				<doxyfile_warnings />
				<doxyfile_output />
				<doxyfile_dot />
				<general use_at_in_tags="1" />
			</DoxyBlocks>
			<lib_finder disable_auto="1" />
		</Extensions>
	</Project>
</CodeBlocks_project_file>
